
Microsoft Visual Studio Solution File, Format Version 12.00
# Visual Studio Version 17
VisualStudioVersion = 17.8.34408.163
MinimumVisualStudioVersion = 10.0.40219.1
Project("{FAE04EC0-301F-11D3-BF4B-00C04F79EFBC}") = "EntityFramworkPart2", "EntityFramworkPart2.csproj", "{48688966-1EB4-484C-8E15-88E074524DCB}"
EndProject
Global
	GlobalSection(SolutionConfigurationPlatforms) = preSolution
		Debug|Any CPU = Debug|Any CPU
		Release|Any CPU = Release|Any CPU
	EndGlobalSection
	GlobalSection(ProjectConfigurationPlatforms) = postSolution
		{48688966-1EB4-484C-8E15-88E074524DCB}.Debug|Any CPU.ActiveCfg = Debug|Any CPU
		{48688966-1EB4-484C-8E15-88E074524DCB}.Debug|Any CPU.Build.0 = Debug|Any CPU
		{48688966-1EB4-484C-8E15-88E074524DCB}.Release|Any CPU.ActiveCfg = Release|Any CPU
		{48688966-1EB4-484C-8E15-88E074524DCB}.Release|Any CPU.Build.0 = Release|Any CPU
	EndGlobalSection
	GlobalSection(SolutionProperties) = preSolution
		HideSolutionNode = FALSE
	EndGlobalSection
	GlobalSection(ExtensibilityGlobals) = postSolution
		SolutionGuid = {776A1DEC-AFEC-4821-A710-48E33091B1E4}
	EndGlobalSection
EndGlobal
