
Microsoft Visual Studio Solution File, Format Version 12.00
# Visual Studio Version 17
VisualStudioVersion = 17.9.34622.214
MinimumVisualStudioVersion = 10.0.40219.1
Project("{FAE04EC0-301F-11D3-BF4B-00C04F79EFBC}") = "HeroAPI", "HeroAPI.csproj", "{90F6C34C-B177-4099-9614-E591034800A2}"
EndProject
Global
	GlobalSection(SolutionConfigurationPlatforms) = preSolution
		Debug|Any CPU = Debug|Any CPU
		Release|Any CPU = Release|Any CPU
	EndGlobalSection
	GlobalSection(ProjectConfigurationPlatforms) = postSolution
		{90F6C34C-B177-4099-9614-E591034800A2}.Debug|Any CPU.ActiveCfg = Debug|Any CPU
		{90F6C34C-B177-4099-9614-E591034800A2}.Debug|Any CPU.Build.0 = Debug|Any CPU
		{90F6C34C-B177-4099-9614-E591034800A2}.Release|Any CPU.ActiveCfg = Release|Any CPU
		{90F6C34C-B177-4099-9614-E591034800A2}.Release|Any CPU.Build.0 = Release|Any CPU
	EndGlobalSection
	GlobalSection(SolutionProperties) = preSolution
		HideSolutionNode = FALSE
	EndGlobalSection
	GlobalSection(ExtensibilityGlobals) = postSolution
		SolutionGuid = {D49A016A-A2A5-4029-A492-8BCBACB94C54}
	EndGlobalSection
EndGlobal
