
Microsoft Visual Studio Solution File, Format Version 12.00
# Visual Studio Version 17
VisualStudioVersion = 17.8.34408.163
MinimumVisualStudioVersion = 10.0.40219.1
Project("{FAE04EC0-301F-11D3-BF4B-00C04F79EFBC}") = "CRUDEF", "CRUDEF.csproj", "{54C3998C-9CD5-4155-8C8D-AAE7929AE407}"
EndProject
Global
	GlobalSection(SolutionConfigurationPlatforms) = preSolution
		Debug|Any CPU = Debug|Any CPU
		Release|Any CPU = Release|Any CPU
	EndGlobalSection
	GlobalSection(ProjectConfigurationPlatforms) = postSolution
		{54C3998C-9CD5-4155-8C8D-AAE7929AE407}.Debug|Any CPU.ActiveCfg = Debug|Any CPU
		{54C3998C-9CD5-4155-8C8D-AAE7929AE407}.Debug|Any CPU.Build.0 = Debug|Any CPU
		{54C3998C-9CD5-4155-8C8D-AAE7929AE407}.Release|Any CPU.ActiveCfg = Release|Any CPU
		{54C3998C-9CD5-4155-8C8D-AAE7929AE407}.Release|Any CPU.Build.0 = Release|Any CPU
	EndGlobalSection
	GlobalSection(SolutionProperties) = preSolution
		HideSolutionNode = FALSE
	EndGlobalSection
	GlobalSection(ExtensibilityGlobals) = postSolution
		SolutionGuid = {0A1D2680-DAE8-4D57-88BE-5D73150C73F1}
	EndGlobalSection
EndGlobal
