
Microsoft Visual Studio Solution File, Format Version 12.00
# Visual Studio Version 17
VisualStudioVersion = 17.8.34408.163
MinimumVisualStudioVersion = 10.0.40219.1
Project("{FAE04EC0-301F-11D3-BF4B-00C04F79EFBC}") = "EsemkaPetition", "EsemkaPetition.csproj", "{CDC546F7-22E7-4A09-A05E-826E94200409}"
EndProject
Global
	GlobalSection(SolutionConfigurationPlatforms) = preSolution
		Debug|Any CPU = Debug|Any CPU
		Release|Any CPU = Release|Any CPU
	EndGlobalSection
	GlobalSection(ProjectConfigurationPlatforms) = postSolution
		{CDC546F7-22E7-4A09-A05E-826E94200409}.Debug|Any CPU.ActiveCfg = Debug|Any CPU
		{CDC546F7-22E7-4A09-A05E-826E94200409}.Debug|Any CPU.Build.0 = Debug|Any CPU
		{CDC546F7-22E7-4A09-A05E-826E94200409}.Release|Any CPU.ActiveCfg = Release|Any CPU
		{CDC546F7-22E7-4A09-A05E-826E94200409}.Release|Any CPU.Build.0 = Release|Any CPU
	EndGlobalSection
	GlobalSection(SolutionProperties) = preSolution
		HideSolutionNode = FALSE
	EndGlobalSection
	GlobalSection(ExtensibilityGlobals) = postSolution
		SolutionGuid = {EEBBF03D-3BC5-4E6F-9A56-2ADF8EE99305}
	EndGlobalSection
EndGlobal
