
Microsoft Visual Studio Solution File, Format Version 12.00
# Visual Studio Version 17
VisualStudioVersion = 17.9.34622.214
MinimumVisualStudioVersion = 10.0.40219.1
Project("{FAE04EC0-301F-11D3-BF4B-00C04F79EFBC}") = "EsemkaBakery", "EsemkaBakery.csproj", "{72624B8E-CDFF-4D31-A8AA-7D398FABEE2A}"
EndProject
Global
	GlobalSection(SolutionConfigurationPlatforms) = preSolution
		Debug|Any CPU = Debug|Any CPU
		Release|Any CPU = Release|Any CPU
	EndGlobalSection
	GlobalSection(ProjectConfigurationPlatforms) = postSolution
		{72624B8E-CDFF-4D31-A8AA-7D398FABEE2A}.Debug|Any CPU.ActiveCfg = Debug|Any CPU
		{72624B8E-CDFF-4D31-A8AA-7D398FABEE2A}.Debug|Any CPU.Build.0 = Debug|Any CPU
		{72624B8E-CDFF-4D31-A8AA-7D398FABEE2A}.Release|Any CPU.ActiveCfg = Release|Any CPU
		{72624B8E-CDFF-4D31-A8AA-7D398FABEE2A}.Release|Any CPU.Build.0 = Release|Any CPU
	EndGlobalSection
	GlobalSection(SolutionProperties) = preSolution
		HideSolutionNode = FALSE
	EndGlobalSection
	GlobalSection(ExtensibilityGlobals) = postSolution
		SolutionGuid = {83DAA55D-BE24-4ACE-BE00-5312D9E02C33}
	EndGlobalSection
EndGlobal
