
Microsoft Visual Studio Solution File, Format Version 12.00
# Visual Studio Version 17
VisualStudioVersion = 17.9.34622.214
MinimumVisualStudioVersion = 10.0.40219.1
Project("{FAE04EC0-301F-11D3-BF4B-00C04F79EFBC}") = "Quizziz", "Quizziz.csproj", "{1995418D-63AE-4D8A-8EAF-FB2415F20CA9}"
EndProject
Global
	GlobalSection(SolutionConfigurationPlatforms) = preSolution
		Debug|Any CPU = Debug|Any CPU
		Release|Any CPU = Release|Any CPU
	EndGlobalSection
	GlobalSection(ProjectConfigurationPlatforms) = postSolution
		{1995418D-63AE-4D8A-8EAF-FB2415F20CA9}.Debug|Any CPU.ActiveCfg = Debug|Any CPU
		{1995418D-63AE-4D8A-8EAF-FB2415F20CA9}.Debug|Any CPU.Build.0 = Debug|Any CPU
		{1995418D-63AE-4D8A-8EAF-FB2415F20CA9}.Release|Any CPU.ActiveCfg = Release|Any CPU
		{1995418D-63AE-4D8A-8EAF-FB2415F20CA9}.Release|Any CPU.Build.0 = Release|Any CPU
	EndGlobalSection
	GlobalSection(SolutionProperties) = preSolution
		HideSolutionNode = FALSE
	EndGlobalSection
	GlobalSection(ExtensibilityGlobals) = postSolution
		SolutionGuid = {FCB3A9F4-628E-46DC-9CCC-DBA450154057}
	EndGlobalSection
EndGlobal
